<Solution>
  <Folder Name="/bench/">
    <Project Path="bench/Skyline.Gpu.Benchmarks/Skyline.Gpu.Benchmarks.csproj" />
  </Folder>
  <Folder Name="/samples/">
    <Project Path="samples/HelloWindow/HelloWindow.csproj" />
    <Project Path="samples/TexturedQuad/TexturedQuad.csproj" />
    <Project Path="samples/InteractiveCanvas/InteractiveCanvas.csproj" />
    <Project Path="samples/TwoWindows/TwoWindows.csproj" />
  </Folder>
  <Folder Name="/src/">
    <Project Path="src/Skyline/Skyline.csproj" />
    <Project Path="src/Skyline.Gpu/Skyline.Gpu.csproj" />
  </Folder>
  <Folder Name="/tests/">
    <Project Path="tests/Skyline.Tests/Skyline.Tests.csproj" />
    <Project Path="tests/Skyline.Gpu.Tests/Skyline.Gpu.Tests.csproj" />
    <Project Path="tests/Skyline.WindowedTests/Skyline.WindowedTests.csproj" />
  </Folder>
</Solution>
